
Microsoft Visual Studio Solution File, Format Version 12.00
# Visual Studio Version 17
VisualStudioVersion = 17.9.34902.65
MinimumVisualStudioVersion = 10.0.40219.1
Project("{FAE04EC0-301F-11D3-BF4B-00C04F79EFBC}") = "BatchUpdateWICPIDNew", "BatchUpdateWICPIDNew\BatchUpdateWICPIDNew.csproj", "{278174C0-9A26-4FE8-923F-A912DE0DDDC5}"
EndProject
Project("{FAE04EC0-301F-11D3-BF4B-00C04F79EFBC}") = "BatchUpdateWICPIDOld", "BatchUpdateWICPIDOld\BatchUpdateWICPIDOld.csproj", "{B56B5AAE-B472-45A2-9F1F-63B05D994AA2}"
EndProject
Project("{FAE04EC0-301F-11D3-BF4B-00C04F79EFBC}") = "Domain", "Domain\Domain.csproj", "{B8E54192-2809-4E22-8058-E1AEBD9D6E82}"
EndProject
Project("{FAE04EC0-301F-11D3-BF4B-00C04F79EFBC}") = "Infraestrucutre", "Infraestrucutre\Infraestrucutre.csproj", "{DC78CBF8-3955-450A-8D57-FD12899B5D85}"
EndProject
Project("{FAE04EC0-301F-11D3-BF4B-00C04F79EFBC}") = "Common", "Common\Common.csproj", "{95151728-22D5-4AAA-A648-895193BE8164}"
EndProject
Global
	GlobalSection(SolutionConfigurationPlatforms) = preSolution
		Debug|Any CPU = Debug|Any CPU
		Release|Any CPU = Release|Any CPU
	EndGlobalSection
	GlobalSection(ProjectConfigurationPlatforms) = postSolution
		{278174C0-9A26-4FE8-923F-A912DE0DDDC5}.Debug|Any CPU.ActiveCfg = Debug|Any CPU
		{278174C0-9A26-4FE8-923F-A912DE0DDDC5}.Debug|Any CPU.Build.0 = Debug|Any CPU
		{278174C0-9A26-4FE8-923F-A912DE0DDDC5}.Release|Any CPU.ActiveCfg = Release|Any CPU
		{278174C0-9A26-4FE8-923F-A912DE0DDDC5}.Release|Any CPU.Build.0 = Release|Any CPU
		{B56B5AAE-B472-45A2-9F1F-63B05D994AA2}.Debug|Any CPU.ActiveCfg = Debug|Any CPU
		{B56B5AAE-B472-45A2-9F1F-63B05D994AA2}.Debug|Any CPU.Build.0 = Debug|Any CPU
		{B56B5AAE-B472-45A2-9F1F-63B05D994AA2}.Release|Any CPU.ActiveCfg = Release|Any CPU
		{B56B5AAE-B472-45A2-9F1F-63B05D994AA2}.Release|Any CPU.Build.0 = Release|Any CPU
		{B8E54192-2809-4E22-8058-E1AEBD9D6E82}.Debug|Any CPU.ActiveCfg = Debug|Any CPU
		{B8E54192-2809-4E22-8058-E1AEBD9D6E82}.Debug|Any CPU.Build.0 = Debug|Any CPU
		{B8E54192-2809-4E22-8058-E1AEBD9D6E82}.Release|Any CPU.ActiveCfg = Release|Any CPU
		{B8E54192-2809-4E22-8058-E1AEBD9D6E82}.Release|Any CPU.Build.0 = Release|Any CPU
		{DC78CBF8-3955-450A-8D57-FD12899B5D85}.Debug|Any CPU.ActiveCfg = Debug|Any CPU
		{DC78CBF8-3955-450A-8D57-FD12899B5D85}.Debug|Any CPU.Build.0 = Debug|Any CPU
		{DC78CBF8-3955-450A-8D57-FD12899B5D85}.Release|Any CPU.ActiveCfg = Release|Any CPU
		{DC78CBF8-3955-450A-8D57-FD12899B5D85}.Release|Any CPU.Build.0 = Release|Any CPU
		{95151728-22D5-4AAA-A648-895193BE8164}.Debug|Any CPU.ActiveCfg = Debug|Any CPU
		{95151728-22D5-4AAA-A648-895193BE8164}.Debug|Any CPU.Build.0 = Debug|Any CPU
		{95151728-22D5-4AAA-A648-895193BE8164}.Release|Any CPU.ActiveCfg = Release|Any CPU
		{95151728-22D5-4AAA-A648-895193BE8164}.Release|Any CPU.Build.0 = Release|Any CPU
	EndGlobalSection
	GlobalSection(SolutionProperties) = preSolution
		HideSolutionNode = FALSE
	EndGlobalSection
	GlobalSection(ExtensibilityGlobals) = postSolution
		SolutionGuid = {D145D5A8-E7F2-49DF-9C67-DD77895879F8}
	EndGlobalSection
EndGlobal
